
Microsoft Visual Studio Solution File, Format Version 12.00
# Visual Studio Version 16
VisualStudioVersion = 16.0.30104.148
MinimumVisualStudioVersion = 10.0.40219.1
Project("{FAE04EC0-301F-11D3-BF4B-00C04F79EFBC}") = "IssueTracker", "IssueTracker.csproj", "{653F4351-E806-4B7B-8B6E-EF962B4A93A9}"
EndProject
Global
	GlobalSection(SolutionConfigurationPlatforms) = preSolution
		Debug|Any CPU = Debug|Any CPU
		Release|Any CPU = Release|Any CPU
	EndGlobalSection
	GlobalSection(ProjectConfigurationPlatforms) = postSolution
		{653F4351-E806-4B7B-8B6E-EF962B4A93A9}.Debug|Any CPU.ActiveCfg = Debug|Any CPU
		{653F4351-E806-4B7B-8B6E-EF962B4A93A9}.Debug|Any CPU.Build.0 = Debug|Any CPU
		{653F4351-E806-4B7B-8B6E-EF962B4A93A9}.Release|Any CPU.ActiveCfg = Release|Any CPU
		{653F4351-E806-4B7B-8B6E-EF962B4A93A9}.Release|Any CPU.Build.0 = Release|Any CPU
	EndGlobalSection
	GlobalSection(SolutionProperties) = preSolution
		HideSolutionNode = FALSE
	EndGlobalSection
	GlobalSection(ExtensibilityGlobals) = postSolution
		SolutionGuid = {76324FE0-37CD-4378-8CCD-E1DEFE0E6847}
	EndGlobalSection
EndGlobal
